PODS:
  - Flutter (1.0.0)
  - flutter_cast_framework (0.0.1):
    - Flutter
    - google-cast-sdk-dynamic-xcframework-no-bluetooth
  - google-cast-sdk-dynamic-xcframework-no-bluetooth (4.7.1)

DEPENDENCIES:
  - Flutter (from `Flutter`)
  - flutter_cast_framework (from `.symlinks/plugins/flutter_cast_framework/ios`)

SPEC REPOS:
  trunk:
    - google-cast-sdk-dynamic-xcframework-no-bluetooth

EXTERNAL SOURCES:
  Flutter:
    :path: Flutter
  flutter_cast_framework:
    :path: ".symlinks/plugins/flutter_cast_framework/ios"

SPEC CHECKSUMS:
  Flutter: f04841e97a9d0b0a8025694d0796dd46242b2854
  flutter_cast_framework: 67e74e23e47c1e44234c1ed8167cfb2077620f8d
  google-cast-sdk-dynamic-xcframework-no-bluetooth: 1fa9e267df3fd6f8a1c6e3345142ca5286297968

PODFILE CHECKSUM: 4e8f8b2be68aeea4c0d5beb6ff1e79fface1d048

COCOAPODS: 1.11.3
