PODS:
  - Flutter (1.0.0)
  - flutter_cast_framework (0.0.1):
    - Flutter
    - google-cast-sdk-no-bluetooth (~> 4.4.4)
  - google-cast-sdk-no-bluetooth (4.4.8):
    - google-cast-sdk-no-bluetooth/Core (= 4.4.8)
    - GTMSessionFetcher/Core (~> 1.0)
    - Protobuf (~> 3.12)
  - google-cast-sdk-no-bluetooth/Core (4.4.8):
    - GTMSessionFetcher/Core (~> 1.0)
    - Protobuf (~> 3.12)
  - GTMSessionFetcher/Core (1.7.0)
  - Protobuf (3.19.0)

DEPENDENCIES:
  - Flutter (from `Flutter`)
  - flutter_cast_framework (from `.symlinks/plugins/flutter_cast_framework/ios`)

SPEC REPOS:
  trunk:
    - google-cast-sdk-no-bluetooth
    - GTMSessionFetcher
    - Protobuf

EXTERNAL SOURCES:
  Flutter:
    :path: Flutter
  flutter_cast_framework:
    :path: ".symlinks/plugins/flutter_cast_framework/ios"

SPEC CHECKSUMS:
  Flutter: f04841e97a9d0b0a8025694d0796dd46242b2854
  flutter_cast_framework: 1a7183ed51a5af57cbec987d0c422086b4ac2c52
  google-cast-sdk-no-bluetooth: d5a60530c72b0907fb302d835952b6cb0ba5f128
  GTMSessionFetcher: 43748f93435c2aa068b1cbe39655aaf600652e91
  Protobuf: e9b99dd5da72f665ec503b19191f245a22188b4d

PODFILE CHECKSUM: aafe91acc616949ddb318b77800a7f51bffa2a4c

COCOAPODS: 1.11.3
